
Microsoft Visual Studio Solution File, Format Version 12.00
# Visual Studio Version 17
VisualStudioVersion = 17.6.33927.249
MinimumVisualStudioVersion = 10.0.40219.1
Project("{9A19103F-16F7-4668-BE54-9A1E7A4F7556}") = "SportRadar.FootballScoreBoard", "src\SportRadar.FootballScoreBoard\SportRadar.FootballScoreBoard.csproj", "{C8B60D13-A9B4-46FD-A06D-A8A5A9813EBB}"
EndProject
Project("{2150E333-8FDC-42A3-9474-1A3956D46DE8}") = ".solution-items", ".solution-items", "{EBA34B0B-1C45-4AEC-A008-D2ACD5EC92C4}"
	ProjectSection(SolutionItems) = preProject
		Directory.Build.props = Directory.Build.props
		README.md = README.md
	EndProjectSection
EndProject
Project("{9A19103F-16F7-4668-BE54-9A1E7A4F7556}") = "SportRadar.FootballScoreBoard.Tests", "src\SportRadar.FootballScoreBoard.Tests\SportRadar.FootballScoreBoard.Tests.csproj", "{7986164D-0E0A-4959-9A22-C76BA5A8B17E}"
EndProject
Project("{9A19103F-16F7-4668-BE54-9A1E7A4F7556}") = "SportRadar.FootballScoreBoard.Playground", "src\SportRadar.FootballScoreBoard.Playground\SportRadar.FootballScoreBoard.Playground.csproj", "{8AD79046-F72A-4A36-A412-C1FEB8B8467B}"
EndProject
Global
	GlobalSection(SolutionConfigurationPlatforms) = preSolution
		Debug|Any CPU = Debug|Any CPU
		Release|Any CPU = Release|Any CPU
	EndGlobalSection
	GlobalSection(ProjectConfigurationPlatforms) = postSolution
		{C8B60D13-A9B4-46FD-A06D-A8A5A9813EBB}.Debug|Any CPU.ActiveCfg = Debug|Any CPU
		{C8B60D13-A9B4-46FD-A06D-A8A5A9813EBB}.Debug|Any CPU.Build.0 = Debug|Any CPU
		{C8B60D13-A9B4-46FD-A06D-A8A5A9813EBB}.Release|Any CPU.ActiveCfg = Release|Any CPU
		{C8B60D13-A9B4-46FD-A06D-A8A5A9813EBB}.Release|Any CPU.Build.0 = Release|Any CPU
		{7986164D-0E0A-4959-9A22-C76BA5A8B17E}.Debug|Any CPU.ActiveCfg = Debug|Any CPU
		{7986164D-0E0A-4959-9A22-C76BA5A8B17E}.Debug|Any CPU.Build.0 = Debug|Any CPU
		{7986164D-0E0A-4959-9A22-C76BA5A8B17E}.Release|Any CPU.ActiveCfg = Release|Any CPU
		{7986164D-0E0A-4959-9A22-C76BA5A8B17E}.Release|Any CPU.Build.0 = Release|Any CPU
		{8AD79046-F72A-4A36-A412-C1FEB8B8467B}.Debug|Any CPU.ActiveCfg = Debug|Any CPU
		{8AD79046-F72A-4A36-A412-C1FEB8B8467B}.Debug|Any CPU.Build.0 = Debug|Any CPU
		{8AD79046-F72A-4A36-A412-C1FEB8B8467B}.Release|Any CPU.ActiveCfg = Release|Any CPU
		{8AD79046-F72A-4A36-A412-C1FEB8B8467B}.Release|Any CPU.Build.0 = Release|Any CPU
	EndGlobalSection
	GlobalSection(SolutionProperties) = preSolution
		HideSolutionNode = FALSE
	EndGlobalSection
	GlobalSection(ExtensibilityGlobals) = postSolution
		SolutionGuid = {DC67FB33-29B3-4BB9-98C8-1C5B87133B1B}
	EndGlobalSection
EndGlobal
